
Microsoft Visual Studio Solution File, Format Version 12.00
# Visual Studio Version 17
VisualStudioVersion = 17.0.31903.59
MinimumVisualStudioVersion = 10.0.40219.1
Project("{2150E333-8FDC-42A3-9474-1A3956D46DE8}") = "docs", "docs", "{416EFB70-F81B-411B-A37F-369915012188}"
	ProjectSection(SolutionItems) = preProject
		docs\Calculations.xlsx = docs\Calculations.xlsx
		docs\ComputerGamesBlitz.txt = docs\ComputerGamesBlitz.txt
		docs\ComputerGamesBlitzMatchups.txt = docs\ComputerGamesBlitzMatchups.txt
		docs\ComputerGamesBullet.txt = docs\ComputerGamesBullet.txt
		docs\ComputerGamesBulletMatchups.txt = docs\ComputerGamesBulletMatchups.txt
		docs\Design.md = docs\Design.md
		docs\EvalParams.txt = docs\EvalParams.txt
		docs\LICENSE.md = docs\LICENSE.md
		docs\README.md = docs\README.md
	EndProjectSection
EndProject
Project("{2150E333-8FDC-42A3-9474-1A3956D46DE8}") = "src", "src", "{DA9D7C26-9E58-4D47-92CB-1D1997339305}"
EndProject
Project("{9A19103F-16F7-4668-BE54-9A1E7A4F7556}") = "Core", "src\Core\Core.csproj", "{C7E7D384-B659-4745-8A7A-577DC269A4E4}"
EndProject
Project("{9A19103F-16F7-4668-BE54-9A1E7A4F7556}") = "Engine", "src\Engine\Engine.csproj", "{4B07F737-2C55-4F0C-A668-51A9223E6A9D}"
EndProject
Project("{2150E333-8FDC-42A3-9474-1A3956D46DE8}") = "tests", "tests", "{03FB0C72-40E3-479B-9DEC-83ED698C875F}"
EndProject
Project("{9A19103F-16F7-4668-BE54-9A1E7A4F7556}") = "Unit Tests", "tests\Unit Tests\Unit Tests.csproj", "{D934FB48-228D-4357-A523-4C54F57C3B44}"
EndProject
Global
	GlobalSection(SolutionConfigurationPlatforms) = preSolution
		Debug|x64 = Debug|x64
		Debug|x86 = Debug|x86
		Release|x64 = Release|x64
		Release|x86 = Release|x86
	EndGlobalSection
	GlobalSection(ProjectConfigurationPlatforms) = postSolution
		{C7E7D384-B659-4745-8A7A-577DC269A4E4}.Debug|x64.ActiveCfg = Debug|x64
		{C7E7D384-B659-4745-8A7A-577DC269A4E4}.Debug|x64.Build.0 = Debug|x64
		{C7E7D384-B659-4745-8A7A-577DC269A4E4}.Debug|x86.ActiveCfg = Debug|x86
		{C7E7D384-B659-4745-8A7A-577DC269A4E4}.Debug|x86.Build.0 = Debug|x86
		{C7E7D384-B659-4745-8A7A-577DC269A4E4}.Release|x64.ActiveCfg = Release|x64
		{C7E7D384-B659-4745-8A7A-577DC269A4E4}.Release|x64.Build.0 = Release|x64
		{C7E7D384-B659-4745-8A7A-577DC269A4E4}.Release|x86.ActiveCfg = Release|x86
		{C7E7D384-B659-4745-8A7A-577DC269A4E4}.Release|x86.Build.0 = Release|x86
		{4B07F737-2C55-4F0C-A668-51A9223E6A9D}.Debug|x64.ActiveCfg = Debug|x64
		{4B07F737-2C55-4F0C-A668-51A9223E6A9D}.Debug|x64.Build.0 = Debug|x64
		{4B07F737-2C55-4F0C-A668-51A9223E6A9D}.Debug|x86.ActiveCfg = Debug|x86
		{4B07F737-2C55-4F0C-A668-51A9223E6A9D}.Debug|x86.Build.0 = Debug|x86
		{4B07F737-2C55-4F0C-A668-51A9223E6A9D}.Release|x64.ActiveCfg = Release|x64
		{4B07F737-2C55-4F0C-A668-51A9223E6A9D}.Release|x64.Build.0 = Release|x64
		{4B07F737-2C55-4F0C-A668-51A9223E6A9D}.Release|x86.ActiveCfg = Release|x86
		{4B07F737-2C55-4F0C-A668-51A9223E6A9D}.Release|x86.Build.0 = Release|x86
		{D934FB48-228D-4357-A523-4C54F57C3B44}.Debug|x64.ActiveCfg = Debug|x64
		{D934FB48-228D-4357-A523-4C54F57C3B44}.Debug|x64.Build.0 = Debug|x64
		{D934FB48-228D-4357-A523-4C54F57C3B44}.Debug|x86.ActiveCfg = Debug|x86
		{D934FB48-228D-4357-A523-4C54F57C3B44}.Debug|x86.Build.0 = Debug|x86
		{D934FB48-228D-4357-A523-4C54F57C3B44}.Release|x64.ActiveCfg = Release|x64
		{D934FB48-228D-4357-A523-4C54F57C3B44}.Release|x64.Build.0 = Release|x64
		{D934FB48-228D-4357-A523-4C54F57C3B44}.Release|x86.ActiveCfg = Release|x86
		{D934FB48-228D-4357-A523-4C54F57C3B44}.Release|x86.Build.0 = Release|x86
	EndGlobalSection
	GlobalSection(SolutionProperties) = preSolution
		HideSolutionNode = FALSE
	EndGlobalSection
	GlobalSection(NestedProjects) = preSolution
		{C7E7D384-B659-4745-8A7A-577DC269A4E4} = {DA9D7C26-9E58-4D47-92CB-1D1997339305}
		{4B07F737-2C55-4F0C-A668-51A9223E6A9D} = {DA9D7C26-9E58-4D47-92CB-1D1997339305}
		{D934FB48-228D-4357-A523-4C54F57C3B44} = {03FB0C72-40E3-479B-9DEC-83ED698C875F}
	EndGlobalSection
	GlobalSection(ExtensibilityGlobals) = postSolution
		SolutionGuid = {FF89683E-8DAA-468B-BCF1-A64C5E52AD7F}
	EndGlobalSection
EndGlobal
