
Microsoft Visual Studio Solution File, Format Version 12.00
# Visual Studio Version 16
VisualStudioVersion = 16.0.28803.352
MinimumVisualStudioVersion = 10.0.40219.1
Project("{9A19103F-16F7-4668-BE54-9A1E7A4F7556}") = "Engine", "Engine\Engine.csproj", "{6BAAC006-E8C7-47FE-AA68-A7811C8714D8}"
EndProject
Project("{2150E333-8FDC-42A3-9474-1A3956D46DE8}") = "Solution Items", "Solution Items", "{4DE13009-ECD2-45B8-9E33-55ADB8E4F094}"
	ProjectSection(SolutionItems) = preProject
		.gitattributes = .gitattributes
		.gitignore = .gitignore
		Design.txt = Design.txt
		LICENSE = LICENSE
		MadChess.sln.DotSettings = MadChess.sln.DotSettings
		README.md = README.md
	EndProjectSection
EndProject
Project("{9A19103F-16F7-4668-BE54-9A1E7A4F7556}") = "Tests", "Tests\Tests.csproj", "{415428F3-313D-4BE0-9172-C4B56A6D2D25}"
EndProject
Project("{2150E333-8FDC-42A3-9474-1A3956D46DE8}") = "Ratings", "Ratings", "{CAA777E5-1C76-449F-80F2-B0CF85CF32BA}"
	ProjectSection(SolutionItems) = preProject
		ComputerGamesBullet.txt = ComputerGamesBullet.txt
		ComputerGamesBulletMatchups.txt = ComputerGamesBulletMatchups.txt
		EvalError.log = EvalError.log
	EndProjectSection
EndProject
Global
	GlobalSection(SolutionConfigurationPlatforms) = preSolution
		Debug|Any CPU = Debug|Any CPU
		Release|Any CPU = Release|Any CPU
	EndGlobalSection
	GlobalSection(ProjectConfigurationPlatforms) = postSolution
		{6BAAC006-E8C7-47FE-AA68-A7811C8714D8}.Debug|Any CPU.ActiveCfg = Debug|Any CPU
		{6BAAC006-E8C7-47FE-AA68-A7811C8714D8}.Debug|Any CPU.Build.0 = Debug|Any CPU
		{6BAAC006-E8C7-47FE-AA68-A7811C8714D8}.Release|Any CPU.ActiveCfg = Release|Any CPU
		{6BAAC006-E8C7-47FE-AA68-A7811C8714D8}.Release|Any CPU.Build.0 = Release|Any CPU
		{415428F3-313D-4BE0-9172-C4B56A6D2D25}.Debug|Any CPU.ActiveCfg = Debug|Any CPU
		{415428F3-313D-4BE0-9172-C4B56A6D2D25}.Debug|Any CPU.Build.0 = Debug|Any CPU
		{415428F3-313D-4BE0-9172-C4B56A6D2D25}.Release|Any CPU.ActiveCfg = Release|Any CPU
		{415428F3-313D-4BE0-9172-C4B56A6D2D25}.Release|Any CPU.Build.0 = Release|Any CPU
	EndGlobalSection
	GlobalSection(SolutionProperties) = preSolution
		HideSolutionNode = FALSE
	EndGlobalSection
	GlobalSection(NestedProjects) = preSolution
		{CAA777E5-1C76-449F-80F2-B0CF85CF32BA} = {4DE13009-ECD2-45B8-9E33-55ADB8E4F094}
	EndGlobalSection
	GlobalSection(ExtensibilityGlobals) = postSolution
		SolutionGuid = {FF89683E-8DAA-468B-BCF1-A64C5E52AD7F}
	EndGlobalSection
EndGlobal
